
Microsoft Visual Studio Solution File, Format Version 12.00
# Visual Studio Version 16
VisualStudioVersion = 16.0.31702.278
MinimumVisualStudioVersion = 10.0.40219.1
Project("{9A19103F-16F7-4668-BE54-9A1E7A4F7556}") = "Aula3_Stack_Heap", "Aula3_Stack_Heap\Aula3_Stack_Heap.csproj", "{0324BD30-7DC6-4ECD-9584-035E64674597}"
EndProject
Global
	GlobalSection(SolutionConfigurationPlatforms) = preSolution
		Debug|Any CPU = Debug|Any CPU
		Release|Any CPU = Release|Any CPU
	EndGlobalSection
	GlobalSection(ProjectConfigurationPlatforms) = postSolution
		{0324BD30-7DC6-4ECD-9584-035E64674597}.Debug|Any CPU.ActiveCfg = Debug|Any CPU
		{0324BD30-7DC6-4ECD-9584-035E64674597}.Debug|Any CPU.Build.0 = Debug|Any CPU
		{0324BD30-7DC6-4ECD-9584-035E64674597}.Release|Any CPU.ActiveCfg = Release|Any CPU
		{0324BD30-7DC6-4ECD-9584-035E64674597}.Release|Any CPU.Build.0 = Release|Any CPU
	EndGlobalSection
	GlobalSection(SolutionProperties) = preSolution
		HideSolutionNode = FALSE
	EndGlobalSection
	GlobalSection(ExtensibilityGlobals) = postSolution
		SolutionGuid = {70601429-6E77-40F9-8C98-0C4ED7713247}
	EndGlobalSection
EndGlobal
